// !$*UTF8*$!
{
	archiveVersion = 1;
	classes = {
	};
	objectVersion = 46;
	objects = {

/* Begin PBXBuildFile section */
		A60043631F586D23004BAABC /* CHFilterBarConstants.swift in Sources */ = {isa = PBXBuildFile; fileRef = A60043621F586D23004BAABC /* CHFilterBarConstants.swift */; };
		A613404C1FC0D23F0077CFD4 /* CHFilterBar.podspec in Resources */ = {isa = PBXBuildFile; fileRef = A613404B1FC0D23F0077CFD4 /* CHFilterBar.podspec */; };
		A640F5D81F57EC1000F09D5F /* AppDelegate.swift in Sources */ = {isa = PBXBuildFile; fileRef = A640F5D71F57EC1000F09D5F /* AppDelegate.swift */; };
		A640F5DA1F57EC1000F09D5F /* ViewController.swift in Sources */ = {isa = PBXBuildFile; fileRef = A640F5D91F57EC1000F09D5F /* ViewController.swift */; };
		A640F5DD1F57EC1000F09D5F /* Main.storyboard in Resources */ = {isa = PBXBuildFile; fileRef = A640F5DB1F57EC1000F09D5F /* Main.storyboard */; };
		A640F5DF1F57EC1000F09D5F /* Assets.xcassets in Resources */ = {isa = PBXBuildFile; fileRef = A640F5DE1F57EC1000F09D5F /* Assets.xcassets */; };
		A640F5E21F57EC1000F09D5F /* LaunchScreen.storyboard in Resources */ = {isa = PBXBuildFile; fileRef = A640F5E01F57EC1000F09D5F /* LaunchScreen.storyboard */; };
		A640F5EA1F57EC3800F09D5F /* CHFilterBar.swift in Sources */ = {isa = PBXBuildFile; fileRef = A640F5E91F57EC3800F09D5F /* CHFilterBar.swift */; };
		A640F5EC1F57EE7300F09D5F /* CHFilterBlock.swift in Sources */ = {isa = PBXBuildFile; fileRef = A640F5EB1F57EE7300F09D5F /* CHFilterBlock.swift */; };
		A640F5EF1F57EEA700F09D5F /* CHFilterBlockCollectionViewCell.swift in Sources */ = {isa = PBXBuildFile; fileRef = A640F5ED1F57EEA700F09D5F /* CHFilterBlockCollectionViewCell.swift */; };
		A640F5F01F57EEA700F09D5F /* CHFilterBlockCollectionViewCell.xib in Resources */ = {isa = PBXBuildFile; fileRef = A640F5EE1F57EEA700F09D5F /* CHFilterBlockCollectionViewCell.xib */; };
/* End PBXBuildFile section */

/* Begin PBXFileReference section */
		A60043621F586D23004BAABC /* CHFilterBarConstants.swift */ = {isa = PBXFileReference; fileEncoding = 4; lastKnownFileType = sourcecode.swift; path = CHFilterBarConstants.swift; sourceTree = "<group>"; };
		A613404B1FC0D23F0077CFD4 /* CHFilterBar.podspec */ = {isa = PBXFileReference; fileEncoding = 4; lastKnownFileType = text; path = CHFilterBar.podspec; sourceTree = SOURCE_ROOT; };
		A640F5D41F57EC1000F09D5F /* FilterBar.app */ = {isa = PBXFileReference; explicitFileType = wrapper.application; includeInIndex = 0; path = FilterBar.app; sourceTree = BUILT_PRODUCTS_DIR; };
		A640F5D71F57EC1000F09D5F /* AppDelegate.swift */ = {isa = PBXFileReference; lastKnownFileType = sourcecode.swift; path = AppDelegate.swift; sourceTree = "<group>"; };
		A640F5D91F57EC1000F09D5F /* ViewController.swift */ = {isa = PBXFileReference; lastKnownFileType = sourcecode.swift; path = ViewController.swift; sourceTree = "<group>"; };
		A640F5DC1F57EC1000F09D5F /* Base */ = {isa = PBXFileReference; lastKnownFileType = file.storyboard; name = Base; path = Base.lproj/Main.storyboard; sourceTree = "<group>"; };
		A640F5DE1F57EC1000F09D5F /* Assets.xcassets */ = {isa = PBXFileReference; lastKnownFileType = folder.assetcatalog; path = Assets.xcassets; sourceTree = "<group>"; };
		A640F5E11F57EC1000F09D5F /* Base */ = {isa = PBXFileReference; lastKnownFileType = file.storyboard; name = Base; path = Base.lproj/LaunchScreen.storyboard; sourceTree = "<group>"; };
		A640F5E31F57EC1000F09D5F /* Info.plist */ = {isa = PBXFileReference; lastKnownFileType = text.plist.xml; path = Info.plist; sourceTree = "<group>"; };
		A640F5E91F57EC3800F09D5F /* CHFilterBar.swift */ = {isa = PBXFileReference; fileEncoding = 4; lastKnownFileType = sourcecode.swift; path = CHFilterBar.swift; sourceTree = "<group>"; };
		A640F5EB1F57EE7300F09D5F /* CHFilterBlock.swift */ = {isa = PBXFileReference; fileEncoding = 4; lastKnownFileType = sourcecode.swift; path = CHFilterBlock.swift; sourceTree = "<group>"; };
		A640F5ED1F57EEA700F09D5F /* CHFilterBlockCollectionViewCell.swift */ = {isa = PBXFileReference; fileEncoding = 4; lastKnownFileType = sourcecode.swift; path = CHFilterBlockCollectionViewCell.swift; sourceTree = "<group>"; };
		A640F5EE1F57EEA700F09D5F /* CHFilterBlockCollectionViewCell.xib */ = {isa = PBXFileReference; fileEncoding = 4; lastKnownFileType = file.xib; path = CHFilterBlockCollectionViewCell.xib; sourceTree = "<group>"; };
/* End PBXFileReference section */

/* Begin PBXFrameworksBuildPhase section */
		A640F5D11F57EC1000F09D5F /* Frameworks */ = {
			isa = PBXFrameworksBuildPhase;
			buildActionMask = 2147483647;
			files = (
			);
			runOnlyForDeploymentPostprocessing = 0;
		};
/* End PBXFrameworksBuildPhase section */

/* Begin PBXGroup section */
		A640F5CB1F57EC1000F09D5F = {
			isa = PBXGroup;
			children = (
				A613404B1FC0D23F0077CFD4 /* CHFilterBar.podspec */,
				A640F5D61F57EC1000F09D5F /* FilterBar */,
				A640F5D51F57EC1000F09D5F /* Products */,
			);
			sourceTree = "<group>";
		};
		A640F5D51F57EC1000F09D5F /* Products */ = {
			isa = PBXGroup;
			children = (
				A640F5D41F57EC1000F09D5F /* FilterBar.app */,
			);
			name = Products;
			sourceTree = "<group>";
		};
		A640F5D61F57EC1000F09D5F /* FilterBar */ = {
			isa = PBXGroup;
			children = (
				A640F5F11F57EEB000F09D5F /* Supporting */,
				A640F5EB1F57EE7300F09D5F /* CHFilterBlock.swift */,
				A60043621F586D23004BAABC /* CHFilterBarConstants.swift */,
				A640F5ED1F57EEA700F09D5F /* CHFilterBlockCollectionViewCell.swift */,
				A640F5EE1F57EEA700F09D5F /* CHFilterBlockCollectionViewCell.xib */,
				A640F5E91F57EC3800F09D5F /* CHFilterBar.swift */,
			);
			path = FilterBar;
			sourceTree = "<group>";
		};
		A640F5F11F57EEB000F09D5F /* Supporting */ = {
			isa = PBXGroup;
			children = (
				A640F5D71F57EC1000F09D5F /* AppDelegate.swift */,
				A640F5D91F57EC1000F09D5F /* ViewController.swift */,
				A640F5DB1F57EC1000F09D5F /* Main.storyboard */,
				A640F5DE1F57EC1000F09D5F /* Assets.xcassets */,
				A640F5E01F57EC1000F09D5F /* LaunchScreen.storyboard */,
				A640F5E31F57EC1000F09D5F /* Info.plist */,
			);
			name = Supporting;
			sourceTree = "<group>";
		};
/* End PBXGroup section */

/* Begin PBXNativeTarget section */
		A640F5D31F57EC1000F09D5F /* FilterBar */ = {
			isa = PBXNativeTarget;
			buildConfigurationList = A640F5E61F57EC1000F09D5F /* Build configuration list for PBXNativeTarget "FilterBar" */;
			buildPhases = (
				A640F5D01F57EC1000F09D5F /* Sources */,
				A640F5D11F57EC1000F09D5F /* Frameworks */,
				A640F5D21F57EC1000F09D5F /* Resources */,
			);
			buildRules = (
			);
			dependencies = (
			);
			name = FilterBar;
			productName = FilterBar;
			productReference = A640F5D41F57EC1000F09D5F /* FilterBar.app */;
			productType = "com.apple.product-type.application";
		};
/* End PBXNativeTarget section */

/* Begin PBXProject section */
		A640F5CC1F57EC1000F09D5F /* Project object */ = {
			isa = PBXProject;
			attributes = {
				LastSwiftUpdateCheck = 0830;
				LastUpgradeCheck = 0830;
				ORGANIZATIONNAME = netinfo.netinfoExtensions;
				TargetAttributes = {
					A640F5D31F57EC1000F09D5F = {
						CreatedOnToolsVersion = 8.3.3;
						DevelopmentTeam = D3EBGHD7R5;
						ProvisioningStyle = Automatic;
					};
				};
			};
			buildConfigurationList = A640F5CF1F57EC1000F09D5F /* Build configuration list for PBXProject "FilterBar" */;
			compatibilityVersion = "Xcode 3.2";
			developmentRegion = English;
			hasScannedForEncodings = 0;
			knownRegions = (
				en,
				Base,
			);
			mainGroup = A640F5CB1F57EC1000F09D5F;
			productRefGroup = A640F5D51F57EC1000F09D5F /* Products */;
			projectDirPath = "";
			projectRoot = "";
			targets = (
				A640F5D31F57EC1000F09D5F /* FilterBar */,
			);
		};
/* End PBXProject section */

/* Begin PBXResourcesBuildPhase section */
		A640F5D21F57EC1000F09D5F /* Resources */ = {
			isa = PBXResourcesBuildPhase;
			buildActionMask = 2147483647;
			files = (
				A613404C1FC0D23F0077CFD4 /* CHFilterBar.podspec in Resources */,
				A640F5E21F57EC1000F09D5F /* LaunchScreen.storyboard in Resources */,
				A640F5DF1F57EC1000F09D5F /* Assets.xcassets in Resources */,
				A640F5F01F57EEA700F09D5F /* CHFilterBlockCollectionViewCell.xib in Resources */,
				A640F5DD1F57EC1000F09D5F /* Main.storyboard in Resources */,
			);
			runOnlyForDeploymentPostprocessing = 0;
		};
/* End PBXResourcesBuildPhase section */

/* Begin PBXSourcesBuildPhase section */
		A640F5D01F57EC1000F09D5F /* Sources */ = {
			isa = PBXSourcesBuildPhase;
			buildActionMask = 2147483647;
			files = (
				A640F5DA1F57EC1000F09D5F /* ViewController.swift in Sources */,
				A640F5EF1F57EEA700F09D5F /* CHFilterBlockCollectionViewCell.swift in Sources */,
				A640F5EC1F57EE7300F09D5F /* CHFilterBlock.swift in Sources */,
				A640F5D81F57EC1000F09D5F /* AppDelegate.swift in Sources */,
				A640F5EA1F57EC3800F09D5F /* CHFilterBar.swift in Sources */,
				A60043631F586D23004BAABC /* CHFilterBarConstants.swift in Sources */,
			);
			runOnlyForDeploymentPostprocessing = 0;
		};
/* End PBXSourcesBuildPhase section */

/* Begin PBXVariantGroup section */
		A640F5DB1F57EC1000F09D5F /* Main.storyboard */ = {
			isa = PBXVariantGroup;
			children = (
				A640F5DC1F57EC1000F09D5F /* Base */,
			);
			name = Main.storyboard;
			sourceTree = "<group>";
		};
		A640F5E01F57EC1000F09D5F /* LaunchScreen.storyboard */ = {
			isa = PBXVariantGroup;
			children = (
				A640F5E11F57EC1000F09D5F /* Base */,
			);
			name = LaunchScreen.storyboard;
			sourceTree = "<group>";
		};
/* End PBXVariantGroup section */

/* Begin XCBuildConfiguration section */
		A640F5E41F57EC1000F09D5F /* Debug */ = {
			isa = XCBuildConfiguration;
			buildSettings = {
				ALWAYS_SEARCH_USER_PATHS = NO;
				CLANG_ANALYZER_NONNULL = YES;
				CLANG_ANALYZER_NUMBER_OBJECT_CONVERSION = YES_AGGRESSIVE;
				CLANG_CXX_LANGUAGE_STANDARD = "gnu++0x";
				CLANG_CXX_LIBRARY = "libc++";
				CLANG_ENABLE_MODULES = YES;
				CLANG_ENABLE_OBJC_ARC = YES;
				CLANG_WARN_BOOL_CONVERSION = YES;
				CLANG_WARN_CONSTANT_CONVERSION = YES;
				CLANG_WARN_DIRECT_OBJC_ISA_USAGE = YES_ERROR;
				CLANG_WARN_DOCUMENTATION_COMMENTS = YES;
				CLANG_WARN_EMPTY_BODY = YES;
				CLANG_WARN_ENUM_CONVERSION = YES;
				CLANG_WARN_INFINITE_RECURSION = YES;
				CLANG_WARN_INT_CONVERSION = YES;
				CLANG_WARN_OBJC_ROOT_CLASS = YES_ERROR;
				CLANG_WARN_SUSPICIOUS_MOVE = YES;
				CLANG_WARN_UNREACHABLE_CODE = YES;
				CLANG_WARN__DUPLICATE_METHOD_MATCH = YES;
				"CODE_SIGN_IDENTITY[sdk=iphoneos*]" = "iPhone Developer";
				COPY_PHASE_STRIP = NO;
				DEBUG_INFORMATION_FORMAT = dwarf;
				ENABLE_STRICT_OBJC_MSGSEND = YES;
				ENABLE_TESTABILITY = YES;
				GCC_C_LANGUAGE_STANDARD = gnu99;
				GCC_DYNAMIC_NO_PIC = NO;
				GCC_NO_COMMON_BLOCKS = YES;
				GCC_OPTIMIZATION_LEVEL = 0;
				GCC_PREPROCESSOR_DEFINITIONS = (
					"DEBUG=1",
					"$(inherited)",
				);
				GCC_WARN_64_TO_32_BIT_CONVERSION = YES;
				GCC_WARN_ABOUT_RETURN_TYPE = YES_ERROR;
				GCC_WARN_UNDECLARED_SELECTOR = YES;
				GCC_WARN_UNINITIALIZED_AUTOS = YES_AGGRESSIVE;
				GCC_WARN_UNUSED_FUNCTION = YES;
				GCC_WARN_UNUSED_VARIABLE = YES;
				IPHONEOS_DEPLOYMENT_TARGET = 10.3;
				MTL_ENABLE_DEBUG_INFO = YES;
				ONLY_ACTIVE_ARCH = YES;
				SDKROOT = iphoneos;
				SWIFT_ACTIVE_COMPILATION_CONDITIONS = DEBUG;
				SWIFT_OPTIMIZATION_LEVEL = "-Onone";
				TARGETED_DEVICE_FAMILY = "1,2";
			};
			name = Debug;
		};
		A640F5E51F57EC1000F09D5F /* Release */ = {
			isa = XCBuildConfiguration;
			buildSettings = {
				ALWAYS_SEARCH_USER_PATHS = NO;
				CLANG_ANALYZER_NONNULL = YES;
				CLANG_ANALYZER_NUMBER_OBJECT_CONVERSION = YES_AGGRESSIVE;
				CLANG_CXX_LANGUAGE_STANDARD = "gnu++0x";
				CLANG_CXX_LIBRARY = "libc++";
				CLANG_ENABLE_MODULES = YES;
				CLANG_ENABLE_OBJC_ARC = YES;
				CLANG_WARN_BOOL_CONVERSION = YES;
				CLANG_WARN_CONSTANT_CONVERSION = YES;
				CLANG_WARN_DIRECT_OBJC_ISA_USAGE = YES_ERROR;
				CLANG_WARN_DOCUMENTATION_COMMENTS = YES;
				CLANG_WARN_EMPTY_BODY = YES;
				CLANG_WARN_ENUM_CONVERSION = YES;
				CLANG_WARN_INFINITE_RECURSION = YES;
				CLANG_WARN_INT_CONVERSION = YES;
				CLANG_WARN_OBJC_ROOT_CLASS = YES_ERROR;
				CLANG_WARN_SUSPICIOUS_MOVE = YES;
				CLANG_WARN_UNREACHABLE_CODE = YES;
				CLANG_WARN__DUPLICATE_METHOD_MATCH = YES;
				"CODE_SIGN_IDENTITY[sdk=iphoneos*]" = "iPhone Developer";
				COPY_PHASE_STRIP = NO;
				DEBUG_INFORMATION_FORMAT = "dwarf-with-dsym";
				ENABLE_NS_ASSERTIONS = NO;
				ENABLE_STRICT_OBJC_MSGSEND = YES;
				GCC_C_LANGUAGE_STANDARD = gnu99;
				GCC_NO_COMMON_BLOCKS = YES;
				GCC_WARN_64_TO_32_BIT_CONVERSION = YES;
				GCC_WARN_ABOUT_RETURN_TYPE = YES_ERROR;
				GCC_WARN_UNDECLARED_SELECTOR = YES;
				GCC_WARN_UNINITIALIZED_AUTOS = YES_AGGRESSIVE;
				GCC_WARN_UNUSED_FUNCTION = YES;
				GCC_WARN_UNUSED_VARIABLE = YES;
				IPHONEOS_DEPLOYMENT_TARGET = 10.3;
				MTL_ENABLE_DEBUG_INFO = NO;
				SDKROOT = iphoneos;
				SWIFT_OPTIMIZATION_LEVEL = "-Owholemodule";
				TARGETED_DEVICE_FAMILY = "1,2";
				VALIDATE_PRODUCT = YES;
			};
			name = Release;
		};
		A640F5E71F57EC1000F09D5F /* Debug */ = {
			isa = XCBuildConfiguration;
			buildSettings = {
				ASSETCATALOG_COMPILER_APPICON_NAME = AppIcon;
				DEVELOPMENT_TEAM = D3EBGHD7R5;
				INFOPLIST_FILE = FilterBar/Info.plist;
				LD_RUNPATH_SEARCH_PATHS = "$(inherited) @executable_path/Frameworks";
				PRODUCT_BUNDLE_IDENTIFIER = netinfo.FilterBar;
				PRODUCT_NAME = "$(TARGET_NAME)";
				SWIFT_VERSION = 4.0;
			};
			name = Debug;
		};
		A640F5E81F57EC1000F09D5F /* Release */ = {
			isa = XCBuildConfiguration;
			buildSettings = {
				ASSETCATALOG_COMPILER_APPICON_NAME = AppIcon;
				DEVELOPMENT_TEAM = D3EBGHD7R5;
				INFOPLIST_FILE = FilterBar/Info.plist;
				LD_RUNPATH_SEARCH_PATHS = "$(inherited) @executable_path/Frameworks";
				PRODUCT_BUNDLE_IDENTIFIER = netinfo.FilterBar;
				PRODUCT_NAME = "$(TARGET_NAME)";
				SWIFT_VERSION = 4.0;
			};
			name = Release;
		};
/* End XCBuildConfiguration section */

/* Begin XCConfigurationList section */
		A640F5CF1F57EC1000F09D5F /* Build configuration list for PBXProject "FilterBar" */ = {
			isa = XCConfigurationList;
			buildConfigurations = (
				A640F5E41F57EC1000F09D5F /* Debug */,
				A640F5E51F57EC1000F09D5F /* Release */,
			);
			defaultConfigurationIsVisible = 0;
			defaultConfigurationName = Release;
		};
		A640F5E61F57EC1000F09D5F /* Build configuration list for PBXNativeTarget "FilterBar" */ = {
			isa = XCConfigurationList;
			buildConfigurations = (
				A640F5E71F57EC1000F09D5F /* Debug */,
				A640F5E81F57EC1000F09D5F /* Release */,
			);
			defaultConfigurationIsVisible = 0;
			defaultConfigurationName = Release;
		};
/* End XCConfigurationList section */
	};
	rootObject = A640F5CC1F57EC1000F09D5F /* Project object */;
}
